
Microsoft Visual Studio Solution File, Format Version 12.00
# Visual Studio Version 16
VisualStudioVersion = 16.0.31729.503
MinimumVisualStudioVersion = 10.0.40219.1
Project("{FAE04EC0-301F-11D3-BF4B-00C04F79EFBC}") = "EnglishToSpanish", "EnglishToSpanish\EnglishToSpanish.csproj", "{677D8C47-07D8-40C4-A04B-771F0731350E}"
EndProject
Global
	GlobalSection(SolutionConfigurationPlatforms) = preSolution
		Debug|Any CPU = Debug|Any CPU
		Release|Any CPU = Release|Any CPU
	EndGlobalSection
	GlobalSection(ProjectConfigurationPlatforms) = postSolution
		{677D8C47-07D8-40C4-A04B-771F0731350E}.Debug|Any CPU.ActiveCfg = Debug|Any CPU
		{677D8C47-07D8-40C4-A04B-771F0731350E}.Debug|Any CPU.Build.0 = Debug|Any CPU
		{677D8C47-07D8-40C4-A04B-771F0731350E}.Release|Any CPU.ActiveCfg = Release|Any CPU
		{677D8C47-07D8-40C4-A04B-771F0731350E}.Release|Any CPU.Build.0 = Release|Any CPU
	EndGlobalSection
	GlobalSection(SolutionProperties) = preSolution
		HideSolutionNode = FALSE
	EndGlobalSection
	GlobalSection(ExtensibilityGlobals) = postSolution
		SolutionGuid = {F7C32DB6-F410-4F4D-BA7F-19772B1A4347}
	EndGlobalSection
EndGlobal
