
Microsoft Visual Studio Solution File, Format Version 12.00
# Visual Studio Version 16
VisualStudioVersion = 16.0.31729.503
MinimumVisualStudioVersion = 10.0.40219.1
Project("{FAE04EC0-301F-11D3-BF4B-00C04F79EFBC}") = "MethodChallenge1", "MethodChallenge1\MethodChallenge1.csproj", "{C58B8073-2303-4A25-8873-DC59F7F7F182}"
EndProject
Global
	GlobalSection(SolutionConfigurationPlatforms) = preSolution
		Debug|Any CPU = Debug|Any CPU
		Release|Any CPU = Release|Any CPU
	EndGlobalSection
	GlobalSection(ProjectConfigurationPlatforms) = postSolution
		{C58B8073-2303-4A25-8873-DC59F7F7F182}.Debug|Any CPU.ActiveCfg = Debug|Any CPU
		{C58B8073-2303-4A25-8873-DC59F7F7F182}.Debug|Any CPU.Build.0 = Debug|Any CPU
		{C58B8073-2303-4A25-8873-DC59F7F7F182}.Release|Any CPU.ActiveCfg = Release|Any CPU
		{C58B8073-2303-4A25-8873-DC59F7F7F182}.Release|Any CPU.Build.0 = Release|Any CPU
	EndGlobalSection
	GlobalSection(SolutionProperties) = preSolution
		HideSolutionNode = FALSE
	EndGlobalSection
	GlobalSection(ExtensibilityGlobals) = postSolution
		SolutionGuid = {7B7019C1-8D6A-4A23-96B9-03E0D93A0C3A}
	EndGlobalSection
EndGlobal
