
Microsoft Visual Studio Solution File, Format Version 12.00
# Visual Studio Version 16
VisualStudioVersion = 16.0.31729.503
MinimumVisualStudioVersion = 10.0.40219.1
Project("{FAE04EC0-301F-11D3-BF4B-00C04F79EFBC}") = "Airplane Tracker", "Airplane Tracker\Airplane Tracker.csproj", "{55FD1C87-B99C-4A74-B4C6-67839B795D56}"
EndProject
Global
	GlobalSection(SolutionConfigurationPlatforms) = preSolution
		Debug|Any CPU = Debug|Any CPU
		Release|Any CPU = Release|Any CPU
	EndGlobalSection
	GlobalSection(ProjectConfigurationPlatforms) = postSolution
		{55FD1C87-B99C-4A74-B4C6-67839B795D56}.Debug|Any CPU.ActiveCfg = Debug|Any CPU
		{55FD1C87-B99C-4A74-B4C6-67839B795D56}.Debug|Any CPU.Build.0 = Debug|Any CPU
		{55FD1C87-B99C-4A74-B4C6-67839B795D56}.Release|Any CPU.ActiveCfg = Release|Any CPU
		{55FD1C87-B99C-4A74-B4C6-67839B795D56}.Release|Any CPU.Build.0 = Release|Any CPU
	EndGlobalSection
	GlobalSection(SolutionProperties) = preSolution
		HideSolutionNode = FALSE
	EndGlobalSection
	GlobalSection(ExtensibilityGlobals) = postSolution
		SolutionGuid = {1E67467D-8516-41D7-B7B3-A47AA28CD47A}
	EndGlobalSection
EndGlobal
