
Microsoft Visual Studio Solution File, Format Version 12.00
# Visual Studio Version 16
VisualStudioVersion = 16.0.31729.503
MinimumVisualStudioVersion = 10.0.40219.1
Project("{9A19103F-16F7-4668-BE54-9A1E7A4F7556}") = "Animals", "..\..\..\MSSA-Instructor\Activities\20483C-ProgramminginC#\Challenges\3Analyze-Inheritance\Animals.csproj", "{98E01353-888E-45ED-B92C-DBB5E346016C}"
EndProject
Global
	GlobalSection(SolutionConfigurationPlatforms) = preSolution
		Debug|Any CPU = Debug|Any CPU
		Release|Any CPU = Release|Any CPU
	EndGlobalSection
	GlobalSection(ProjectConfigurationPlatforms) = postSolution
		{98E01353-888E-45ED-B92C-DBB5E346016C}.Debug|Any CPU.ActiveCfg = Debug|Any CPU
		{98E01353-888E-45ED-B92C-DBB5E346016C}.Debug|Any CPU.Build.0 = Debug|Any CPU
		{98E01353-888E-45ED-B92C-DBB5E346016C}.Release|Any CPU.ActiveCfg = Release|Any CPU
		{98E01353-888E-45ED-B92C-DBB5E346016C}.Release|Any CPU.Build.0 = Release|Any CPU
	EndGlobalSection
	GlobalSection(SolutionProperties) = preSolution
		HideSolutionNode = FALSE
	EndGlobalSection
	GlobalSection(ExtensibilityGlobals) = postSolution
		SolutionGuid = {D393F5E5-9B38-4395-909F-C5B285265E0E}
	EndGlobalSection
EndGlobal
