
Microsoft Visual Studio Solution File, Format Version 12.00
# Visual Studio Version 16
VisualStudioVersion = 16.0.31729.503
MinimumVisualStudioVersion = 10.0.40219.1
Project("{FAE04EC0-301F-11D3-BF4B-00C04F79EFBC}") = "medicalApp", "medicalApp\medicalApp.csproj", "{BA61D8AD-EFFF-4043-A264-E7DC93201EAA}"
EndProject
Global
	GlobalSection(SolutionConfigurationPlatforms) = preSolution
		Debug|Any CPU = Debug|Any CPU
		Release|Any CPU = Release|Any CPU
	EndGlobalSection
	GlobalSection(ProjectConfigurationPlatforms) = postSolution
		{BA61D8AD-EFFF-4043-A264-E7DC93201EAA}.Debug|Any CPU.ActiveCfg = Debug|Any CPU
		{BA61D8AD-EFFF-4043-A264-E7DC93201EAA}.Debug|Any CPU.Build.0 = Debug|Any CPU
		{BA61D8AD-EFFF-4043-A264-E7DC93201EAA}.Release|Any CPU.ActiveCfg = Release|Any CPU
		{BA61D8AD-EFFF-4043-A264-E7DC93201EAA}.Release|Any CPU.Build.0 = Release|Any CPU
	EndGlobalSection
	GlobalSection(SolutionProperties) = preSolution
		HideSolutionNode = FALSE
	EndGlobalSection
	GlobalSection(ExtensibilityGlobals) = postSolution
		SolutionGuid = {8579F5BF-7F50-4E49-858B-7CD69A6928B0}
	EndGlobalSection
EndGlobal
