
Microsoft Visual Studio Solution File, Format Version 12.00
# Visual Studio Version 16
VisualStudioVersion = 16.0.31729.503
MinimumVisualStudioVersion = 10.0.40219.1
Project("{9A19103F-16F7-4668-BE54-9A1E7A4F7556}") = "School", "..\..\..\MSSA-Instructor\Activities\20483C-ProgramminginC#\Challenges\2Methods-School\School.csproj", "{0B292A6E-7053-483F-8D80-143C409493B7}"
EndProject
Global
	GlobalSection(SolutionConfigurationPlatforms) = preSolution
		Debug|Any CPU = Debug|Any CPU
		Release|Any CPU = Release|Any CPU
	EndGlobalSection
	GlobalSection(ProjectConfigurationPlatforms) = postSolution
		{0B292A6E-7053-483F-8D80-143C409493B7}.Debug|Any CPU.ActiveCfg = Debug|Any CPU
		{0B292A6E-7053-483F-8D80-143C409493B7}.Debug|Any CPU.Build.0 = Debug|Any CPU
		{0B292A6E-7053-483F-8D80-143C409493B7}.Release|Any CPU.ActiveCfg = Release|Any CPU
		{0B292A6E-7053-483F-8D80-143C409493B7}.Release|Any CPU.Build.0 = Release|Any CPU
	EndGlobalSection
	GlobalSection(SolutionProperties) = preSolution
		HideSolutionNode = FALSE
	EndGlobalSection
	GlobalSection(ExtensibilityGlobals) = postSolution
		SolutionGuid = {7AE7F4B6-AA96-4B32-8B86-F72D6B356B22}
	EndGlobalSection
EndGlobal
