
Microsoft Visual Studio Solution File, Format Version 12.00
# Visual Studio Version 16
VisualStudioVersion = 16.0.31729.503
MinimumVisualStudioVersion = 10.0.40219.1
Project("{9A19103F-16F7-4668-BE54-9A1E7A4F7556}") = "HospitalInformation", "HospitalInformation\HospitalInformation.csproj", "{4AB4A1BC-A696-49E3-93E6-BA9D42EB6FBA}"
EndProject
Project("{FAE04EC0-301F-11D3-BF4B-00C04F79EFBC}") = "DoctorPortal", "DoctorPortal\DoctorPortal.csproj", "{72B4E4A3-EA19-457E-8D26-2ED51D1F0FA8}"
EndProject
Global
	GlobalSection(SolutionConfigurationPlatforms) = preSolution
		Debug|Any CPU = Debug|Any CPU
		Release|Any CPU = Release|Any CPU
	EndGlobalSection
	GlobalSection(ProjectConfigurationPlatforms) = postSolution
		{4AB4A1BC-A696-49E3-93E6-BA9D42EB6FBA}.Debug|Any CPU.ActiveCfg = Debug|Any CPU
		{4AB4A1BC-A696-49E3-93E6-BA9D42EB6FBA}.Debug|Any CPU.Build.0 = Debug|Any CPU
		{4AB4A1BC-A696-49E3-93E6-BA9D42EB6FBA}.Release|Any CPU.ActiveCfg = Release|Any CPU
		{4AB4A1BC-A696-49E3-93E6-BA9D42EB6FBA}.Release|Any CPU.Build.0 = Release|Any CPU
		{72B4E4A3-EA19-457E-8D26-2ED51D1F0FA8}.Debug|Any CPU.ActiveCfg = Debug|Any CPU
		{72B4E4A3-EA19-457E-8D26-2ED51D1F0FA8}.Debug|Any CPU.Build.0 = Debug|Any CPU
		{72B4E4A3-EA19-457E-8D26-2ED51D1F0FA8}.Release|Any CPU.ActiveCfg = Release|Any CPU
		{72B4E4A3-EA19-457E-8D26-2ED51D1F0FA8}.Release|Any CPU.Build.0 = Release|Any CPU
	EndGlobalSection
	GlobalSection(SolutionProperties) = preSolution
		HideSolutionNode = FALSE
	EndGlobalSection
	GlobalSection(ExtensibilityGlobals) = postSolution
		SolutionGuid = {65809B4C-2F2F-4FF0-A3FA-4A77550D3A50}
	EndGlobalSection
EndGlobal
