
Microsoft Visual Studio Solution File, Format Version 12.00
# Visual Studio Version 16
VisualStudioVersion = 16.0.31729.503
MinimumVisualStudioVersion = 10.0.40219.1
Project("{FAE04EC0-301F-11D3-BF4B-00C04F79EFBC}") = "firstAssignment", "firstAssignment\firstAssignment.csproj", "{1AC09544-E04D-40F0-80C2-1D6BB36A7B87}"
EndProject
Global
	GlobalSection(SolutionConfigurationPlatforms) = preSolution
		Debug|Any CPU = Debug|Any CPU
		Release|Any CPU = Release|Any CPU
	EndGlobalSection
	GlobalSection(ProjectConfigurationPlatforms) = postSolution
		{1AC09544-E04D-40F0-80C2-1D6BB36A7B87}.Debug|Any CPU.ActiveCfg = Debug|Any CPU
		{1AC09544-E04D-40F0-80C2-1D6BB36A7B87}.Debug|Any CPU.Build.0 = Debug|Any CPU
		{1AC09544-E04D-40F0-80C2-1D6BB36A7B87}.Release|Any CPU.ActiveCfg = Release|Any CPU
		{1AC09544-E04D-40F0-80C2-1D6BB36A7B87}.Release|Any CPU.Build.0 = Release|Any CPU
	EndGlobalSection
	GlobalSection(SolutionProperties) = preSolution
		HideSolutionNode = FALSE
	EndGlobalSection
	GlobalSection(ExtensibilityGlobals) = postSolution
		SolutionGuid = {21793013-8306-4777-9395-8106305EE968}
	EndGlobalSection
EndGlobal
